// !$*UTF8*$!
{
	archiveVersion = 1;
	classes = {
	};
	objectVersion = 50;
	objects = {

/* Begin PBXBuildFile section */
		BDF8DE0A2505166500A67A2B /* AppDelegate.swift in Sources */ = {isa = PBXBuildFile; fileRef = BDF8DE092505166500A67A2B /* AppDelegate.swift */; };
		BDF8DE0C2505166500A67A2B /* SceneDelegate.swift in Sources */ = {isa = PBXBuildFile; fileRef = BDF8DE0B2505166500A67A2B /* SceneDelegate.swift */; };
		BDF8DE0E2505166500A67A2B /* ViewController.swift in Sources */ = {isa = PBXBuildFile; fileRef = BDF8DE0D2505166500A67A2B /* ViewController.swift */; };
		BDF8DE112505166500A67A2B /* Main.storyboard in Resources */ = {isa = PBXBuildFile; fileRef = BDF8DE0F2505166500A67A2B /* Main.storyboard */; };
		BDF8DE132505166600A67A2B /* Assets.xcassets in Resources */ = {isa = PBXBuildFile; fileRef = BDF8DE122505166600A67A2B /* Assets.xcassets */; };
		BDF8DE162505166600A67A2B /* LaunchScreen.storyboard in Resources */ = {isa = PBXBuildFile; fileRef = BDF8DE142505166600A67A2B /* LaunchScreen.storyboard */; };
		BDF8DE212505166600A67A2B /* TechtaGramTests.swift in Sources */ = {isa = PBXBuildFile; fileRef = BDF8DE202505166600A67A2B /* TechtaGramTests.swift */; };
		BDF8DE2C2505166600A67A2B /* TechtaGramUITests.swift in Sources */ = {isa = PBXBuildFile; fileRef = BDF8DE2B2505166600A67A2B /* TechtaGramUITests.swift */; };
/* End PBXBuildFile section */

/* Begin PBXContainerItemProxy section */
		BDF8DE1D2505166600A67A2B /* PBXContainerItemProxy */ = {
			isa = PBXContainerItemProxy;
			containerPortal = BDF8DDFE2505166500A67A2B /* Project object */;
			proxyType = 1;
			remoteGlobalIDString = BDF8DE052505166500A67A2B;
			remoteInfo = TechtaGram;
		};
		BDF8DE282505166600A67A2B /* PBXContainerItemProxy */ = {
			isa = PBXContainerItemProxy;
			containerPortal = BDF8DDFE2505166500A67A2B /* Project object */;
			proxyType = 1;
			remoteGlobalIDString = BDF8DE052505166500A67A2B;
			remoteInfo = TechtaGram;
		};
/* End PBXContainerItemProxy section */

/* Begin PBXFileReference section */
		BDF8DE062505166500A67A2B /* TechtaGram.app */ = {isa = PBXFileReference; explicitFileType = wrapper.application; includeInIndex = 0; path = TechtaGram.app; sourceTree = BUILT_PRODUCTS_DIR; };
		BDF8DE092505166500A67A2B /* AppDelegate.swift */ = {isa = PBXFileReference; lastKnownFileType = sourcecode.swift; path = AppDelegate.swift; sourceTree = "<group>"; };
		BDF8DE0B2505166500A67A2B /* SceneDelegate.swift */ = {isa = PBXFileReference; lastKnownFileType = sourcecode.swift; path = SceneDelegate.swift; sourceTree = "<group>"; };
		BDF8DE0D2505166500A67A2B /* ViewController.swift */ = {isa = PBXFileReference; lastKnownFileType = sourcecode.swift; path = ViewController.swift; sourceTree = "<group>"; };
		BDF8DE102505166500A67A2B /* Base */ = {isa = PBXFileReference; lastKnownFileType = file.storyboard; name = Base; path = Base.lproj/Main.storyboard; sourceTree = "<group>"; };
		BDF8DE122505166600A67A2B /* Assets.xcassets */ = {isa = PBXFileReference; lastKnownFileType = folder.assetcatalog; path = Assets.xcassets; sourceTree = "<group>"; };
		BDF8DE152505166600A67A2B /* Base */ = {isa = PBXFileReference; lastKnownFileType = file.storyboard; name = Base; path = Base.lproj/LaunchScreen.storyboard; sourceTree = "<group>"; };
		BDF8DE172505166600A67A2B /* Info.plist */ = {isa = PBXFileReference; lastKnownFileType = text.plist.xml; path = Info.plist; sourceTree = "<group>"; };
		BDF8DE1C2505166600A67A2B /* TechtaGramTests.xctest */ = {isa = PBXFileReference; explicitFileType = wrapper.cfbundle; includeInIndex = 0; path = TechtaGramTests.xctest; sourceTree = BUILT_PRODUCTS_DIR; };
		BDF8DE202505166600A67A2B /* TechtaGramTests.swift */ = {isa = PBXFileReference; lastKnownFileType = sourcecode.swift; path = TechtaGramTests.swift; sourceTree = "<group>"; };
		BDF8DE222505166600A67A2B /* Info.plist */ = {isa = PBXFileReference; lastKnownFileType = text.plist.xml; path = Info.plist; sourceTree = "<group>"; };
		BDF8DE272505166600A67A2B /* TechtaGramUITests.xctest */ = {isa = PBXFileReference; explicitFileType = wrapper.cfbundle; includeInIndex = 0; path = TechtaGramUITests.xctest; sourceTree = BUILT_PRODUCTS_DIR; };
		BDF8DE2B2505166600A67A2B /* TechtaGramUITests.swift */ = {isa = PBXFileReference; lastKnownFileType = sourcecode.swift; path = TechtaGramUITests.swift; sourceTree = "<group>"; };
		BDF8DE2D2505166600A67A2B /* Info.plist */ = {isa = PBXFileReference; lastKnownFileType = text.plist.xml; path = Info.plist; sourceTree = "<group>"; };
/* End PBXFileReference section */

/* Begin PBXFrameworksBuildPhase section */
		BDF8DE032505166500A67A2B /* Frameworks */ = {
			isa = PBXFrameworksBuildPhase;
			buildActionMask = 2147483647;
			files = (
			);
			runOnlyForDeploymentPostprocessing = 0;
		};
		BDF8DE192505166600A67A2B /* Frameworks */ = {
			isa = PBXFrameworksBuildPhase;
			buildActionMask = 2147483647;
			files = (
			);
			runOnlyForDeploymentPostprocessing = 0;
		};
		BDF8DE242505166600A67A2B /* Frameworks */ = {
			isa = PBXFrameworksBuildPhase;
			buildActionMask = 2147483647;
			files = (
			);
			runOnlyForDeploymentPostprocessing = 0;
		};
/* End PBXFrameworksBuildPhase section */

/* Begin PBXGroup section */
		BDF8DDFD2505166500A67A2B = {
			isa = PBXGroup;
			children = (
				BDF8DE082505166500A67A2B /* TechtaGram */,
				BDF8DE1F2505166600A67A2B /* TechtaGramTests */,
				BDF8DE2A2505166600A67A2B /* TechtaGramUITests */,
				BDF8DE072505166500A67A2B /* Products */,
			);
			sourceTree = "<group>";
		};
		BDF8DE072505166500A67A2B /* Products */ = {
			isa = PBXGroup;
			children = (
				BDF8DE062505166500A67A2B /* TechtaGram.app */,
				BDF8DE1C2505166600A67A2B /* TechtaGramTests.xctest */,
				BDF8DE272505166600A67A2B /* TechtaGramUITests.xctest */,
			);
			name = Products;
			sourceTree = "<group>";
		};
		BDF8DE082505166500A67A2B /* TechtaGram */ = {
			isa = PBXGroup;
			children = (
				BDF8DE092505166500A67A2B /* AppDelegate.swift */,
				BDF8DE0B2505166500A67A2B /* SceneDelegate.swift */,
				BDF8DE0D2505166500A67A2B /* ViewController.swift */,
				BDF8DE0F2505166500A67A2B /* Main.storyboard */,
				BDF8DE122505166600A67A2B /* Assets.xcassets */,
				BDF8DE142505166600A67A2B /* LaunchScreen.storyboard */,
				BDF8DE172505166600A67A2B /* Info.plist */,
			);
			path = TechtaGram;
			sourceTree = "<group>";
		};
		BDF8DE1F2505166600A67A2B /* TechtaGramTests */ = {
			isa = PBXGroup;
			children = (
				BDF8DE202505166600A67A2B /* TechtaGramTests.swift */,
				BDF8DE222505166600A67A2B /* Info.plist */,
			);
			path = TechtaGramTests;
			sourceTree = "<group>";
		};
		BDF8DE2A2505166600A67A2B /* TechtaGramUITests */ = {
			isa = PBXGroup;
			children = (
				BDF8DE2B2505166600A67A2B /* TechtaGramUITests.swift */,
				BDF8DE2D2505166600A67A2B /* Info.plist */,
			);
			path = TechtaGramUITests;
			sourceTree = "<group>";
		};
/* End PBXGroup section */

/* Begin PBXNativeTarget section */
		BDF8DE052505166500A67A2B /* TechtaGram */ = {
			isa = PBXNativeTarget;
			buildConfigurationList = BDF8DE302505166600A67A2B /* Build configuration list for PBXNativeTarget "TechtaGram" */;
			buildPhases = (
				BDF8DE022505166500A67A2B /* Sources */,
				BDF8DE032505166500A67A2B /* Frameworks */,
				BDF8DE042505166500A67A2B /* Resources */,
			);
			buildRules = (
			);
			dependencies = (
			);
			name = TechtaGram;
			productName = TechtaGram;
			productReference = BDF8DE062505166500A67A2B /* TechtaGram.app */;
			productType = "com.apple.product-type.application";
		};
		BDF8DE1B2505166600A67A2B /* TechtaGramTests */ = {
			isa = PBXNativeTarget;
			buildConfigurationList = BDF8DE332505166600A67A2B /* Build configuration list for PBXNativeTarget "TechtaGramTests" */;
			buildPhases = (
				BDF8DE182505166600A67A2B /* Sources */,
				BDF8DE192505166600A67A2B /* Frameworks */,
				BDF8DE1A2505166600A67A2B /* Resources */,
			);
			buildRules = (
			);
			dependencies = (
				BDF8DE1E2505166600A67A2B /* PBXTargetDependency */,
			);
			name = TechtaGramTests;
			productName = TechtaGramTests;
			productReference = BDF8DE1C2505166600A67A2B /* TechtaGramTests.xctest */;
			productType = "com.apple.product-type.bundle.unit-test";
		};
		BDF8DE262505166600A67A2B /* TechtaGramUITests */ = {
			isa = PBXNativeTarget;
			buildConfigurationList = BDF8DE362505166600A67A2B /* Build configuration list for PBXNativeTarget "TechtaGramUITests" */;
			buildPhases = (
				BDF8DE232505166600A67A2B /* Sources */,
				BDF8DE242505166600A67A2B /* Frameworks */,
				BDF8DE252505166600A67A2B /* Resources */,
			);
			buildRules = (
			);
			dependencies = (
				BDF8DE292505166600A67A2B /* PBXTargetDependency */,
			);
			name = TechtaGramUITests;
			productName = TechtaGramUITests;
			productReference = BDF8DE272505166600A67A2B /* TechtaGramUITests.xctest */;
			productType = "com.apple.product-type.bundle.ui-testing";
		};
/* End PBXNativeTarget section */

/* Begin PBXProject section */
		BDF8DDFE2505166500A67A2B /* Project object */ = {
			isa = PBXProject;
			attributes = {
				LastSwiftUpdateCheck = 1170;
				LastUpgradeCheck = 1170;
				ORGANIZATIONNAME = "Takayama Mizuki";
				TargetAttributes = {
					BDF8DE052505166500A67A2B = {
						CreatedOnToolsVersion = 11.7;
					};
					BDF8DE1B2505166600A67A2B = {
						CreatedOnToolsVersion = 11.7;
						TestTargetID = BDF8DE052505166500A67A2B;
					};
					BDF8DE262505166600A67A2B = {
						CreatedOnToolsVersion = 11.7;
						TestTargetID = BDF8DE052505166500A67A2B;
					};
				};
			};
			buildConfigurationList = BDF8DE012505166500A67A2B /* Build configuration list for PBXProject "TechtaGram" */;
			compatibilityVersion = "Xcode 9.3";
			developmentRegion = en;
			hasScannedForEncodings = 0;
			knownRegions = (
				en,
				Base,
			);
			mainGroup = BDF8DDFD2505166500A67A2B;
			productRefGroup = BDF8DE072505166500A67A2B /* Products */;
			projectDirPath = "";
			projectRoot = "";
			targets = (
				BDF8DE052505166500A67A2B /* TechtaGram */,
				BDF8DE1B2505166600A67A2B /* TechtaGramTests */,
				BDF8DE262505166600A67A2B /* TechtaGramUITests */,
			);
		};
/* End PBXProject section */

/* Begin PBXResourcesBuildPhase section */
		BDF8DE042505166500A67A2B /* Resources */ = {
			isa = PBXResourcesBuildPhase;
			buildActionMask = 2147483647;
			files = (
				BDF8DE162505166600A67A2B /* LaunchScreen.storyboard in Resources */,
				BDF8DE132505166600A67A2B /* Assets.xcassets in Resources */,
				BDF8DE112505166500A67A2B /* Main.storyboard in Resources */,
			);
			runOnlyForDeploymentPostprocessing = 0;
		};
		BDF8DE1A2505166600A67A2B /* Resources */ = {
			isa = PBXResourcesBuildPhase;
			buildActionMask = 2147483647;
			files = (
			);
			runOnlyForDeploymentPostprocessing = 0;
		};
		BDF8DE252505166600A67A2B /* Resources */ = {
			isa = PBXResourcesBuildPhase;
			buildActionMask = 2147483647;
			files = (
			);
			runOnlyForDeploymentPostprocessing = 0;
		};
/* End PBXResourcesBuildPhase section */

/* Begin PBXSourcesBuildPhase section */
		BDF8DE022505166500A67A2B /* Sources */ = {
			isa = PBXSourcesBuildPhase;
			buildActionMask = 2147483647;
			files = (
				BDF8DE0E2505166500A67A2B /* ViewController.swift in Sources */,
				BDF8DE0A2505166500A67A2B /* AppDelegate.swift in Sources */,
				BDF8DE0C2505166500A67A2B /* SceneDelegate.swift in Sources */,
			);
			runOnlyForDeploymentPostprocessing = 0;
		};
		BDF8DE182505166600A67A2B /* Sources */ = {
			isa = PBXSourcesBuildPhase;
			buildActionMask = 2147483647;
			files = (
				BDF8DE212505166600A67A2B /* TechtaGramTests.swift in Sources */,
			);
			runOnlyForDeploymentPostprocessing = 0;
		};
		BDF8DE232505166600A67A2B /* Sources */ = {
			isa = PBXSourcesBuildPhase;
			buildActionMask = 2147483647;
			files = (
				BDF8DE2C2505166600A67A2B /* TechtaGramUITests.swift in Sources */,
			);
			runOnlyForDeploymentPostprocessing = 0;
		};
/* End PBXSourcesBuildPhase section */

/* Begin PBXTargetDependency section */
		BDF8DE1E2505166600A67A2B /* PBXTargetDependency */ = {
			isa = PBXTargetDependency;
			target = BDF8DE052505166500A67A2B /* TechtaGram */;
			targetProxy = BDF8DE1D2505166600A67A2B /* PBXContainerItemProxy */;
		};
		BDF8DE292505166600A67A2B /* PBXTargetDependency */ = {
			isa = PBXTargetDependency;
			target = BDF8DE052505166500A67A2B /* TechtaGram */;
			targetProxy = BDF8DE282505166600A67A2B /* PBXContainerItemProxy */;
		};
/* End PBXTargetDependency section */

/* Begin PBXVariantGroup section */
		BDF8DE0F2505166500A67A2B /* Main.storyboard */ = {
			isa = PBXVariantGroup;
			children = (
				BDF8DE102505166500A67A2B /* Base */,
			);
			name = Main.storyboard;
			sourceTree = "<group>";
		};
		BDF8DE142505166600A67A2B /* LaunchScreen.storyboard */ = {
			isa = PBXVariantGroup;
			children = (
				BDF8DE152505166600A67A2B /* Base */,
			);
			name = LaunchScreen.storyboard;
			sourceTree = "<group>";
		};
/* End PBXVariantGroup section */

/* Begin XCBuildConfiguration section */
		BDF8DE2E2505166600A67A2B /* Debug */ = {
			isa = XCBuildConfiguration;
			buildSettings = {
				ALWAYS_SEARCH_USER_PATHS = NO;
				CLANG_ANALYZER_NONNULL = YES;
				CLANG_ANALYZER_NUMBER_OBJECT_CONVERSION = YES_AGGRESSIVE;
				CLANG_CXX_LANGUAGE_STANDARD = "gnu++14";
				CLANG_CXX_LIBRARY = "libc++";
				CLANG_ENABLE_MODULES = YES;
				CLANG_ENABLE_OBJC_ARC = YES;
				CLANG_ENABLE_OBJC_WEAK = YES;
				CLANG_WARN_BLOCK_CAPTURE_AUTORELEASING = YES;
				CLANG_WARN_BOOL_CONVERSION = YES;
				CLANG_WARN_COMMA = YES;
				CLANG_WARN_CONSTANT_CONVERSION = YES;
				CLANG_WARN_DEPRECATED_OBJC_IMPLEMENTATIONS = YES;
				CLANG_WARN_DIRECT_OBJC_ISA_USAGE = YES_ERROR;
				CLANG_WARN_DOCUMENTATION_COMMENTS = YES;
				CLANG_WARN_EMPTY_BODY = YES;
				CLANG_WARN_ENUM_CONVERSION = YES;
				CLANG_WARN_INFINITE_RECURSION = YES;
				CLANG_WARN_INT_CONVERSION = YES;
				CLANG_WARN_NON_LITERAL_NULL_CONVERSION = YES;
				CLANG_WARN_OBJC_IMPLICIT_RETAIN_SELF = YES;
				CLANG_WARN_OBJC_LITERAL_CONVERSION = YES;
				CLANG_WARN_OBJC_ROOT_CLASS = YES_ERROR;
				CLANG_WARN_RANGE_LOOP_ANALYSIS = YES;
				CLANG_WARN_STRICT_PROTOTYPES = YES;
				CLANG_WARN_SUSPICIOUS_MOVE = YES;
				CLANG_WARN_UNGUARDED_AVAILABILITY = YES_AGGRESSIVE;
				CLANG_WARN_UNREACHABLE_CODE = YES;
				CLANG_WARN__DUPLICATE_METHOD_MATCH = YES;
				COPY_PHASE_STRIP = NO;
				DEBUG_INFORMATION_FORMAT = dwarf;
				ENABLE_STRICT_OBJC_MSGSEND = YES;
				ENABLE_TESTABILITY = YES;
				GCC_C_LANGUAGE_STANDARD = gnu11;
				GCC_DYNAMIC_NO_PIC = NO;
				GCC_NO_COMMON_BLOCKS = YES;
				GCC_OPTIMIZATION_LEVEL = 0;
				GCC_PREPROCESSOR_DEFINITIONS = (
					"DEBUG=1",
					"$(inherited)",
				);
				GCC_WARN_64_TO_32_BIT_CONVERSION = YES;
				GCC_WARN_ABOUT_RETURN_TYPE = YES_ERROR;
				GCC_WARN_UNDECLARED_SELECTOR = YES;
				GCC_WARN_UNINITIALIZED_AUTOS = YES_AGGRESSIVE;
				GCC_WARN_UNUSED_FUNCTION = YES;
				GCC_WARN_UNUSED_VARIABLE = YES;
				IPHONEOS_DEPLOYMENT_TARGET = 13.7;
				MTL_ENABLE_DEBUG_INFO = INCLUDE_SOURCE;
				MTL_FAST_MATH = YES;
				ONLY_ACTIVE_ARCH = YES;
				SDKROOT = iphoneos;
				SWIFT_ACTIVE_COMPILATION_CONDITIONS = DEBUG;
				SWIFT_OPTIMIZATION_LEVEL = "-Onone";
			};
			name = Debug;
		};
		BDF8DE2F2505166600A67A2B /* Release */ = {
			isa = XCBuildConfiguration;
			buildSettings = {
				ALWAYS_SEARCH_USER_PATHS = NO;
				CLANG_ANALYZER_NONNULL = YES;
				CLANG_ANALYZER_NUMBER_OBJECT_CONVERSION = YES_AGGRESSIVE;
				CLANG_CXX_LANGUAGE_STANDARD = "gnu++14";
				CLANG_CXX_LIBRARY = "libc++";
				CLANG_ENABLE_MODULES = YES;
				CLANG_ENABLE_OBJC_ARC = YES;
				CLANG_ENABLE_OBJC_WEAK = YES;
				CLANG_WARN_BLOCK_CAPTURE_AUTORELEASING = YES;
				CLANG_WARN_BOOL_CONVERSION = YES;
				CLANG_WARN_COMMA = YES;
				CLANG_WARN_CONSTANT_CONVERSION = YES;
				CLANG_WARN_DEPRECATED_OBJC_IMPLEMENTATIONS = YES;
				CLANG_WARN_DIRECT_OBJC_ISA_USAGE = YES_ERROR;
				CLANG_WARN_DOCUMENTATION_COMMENTS = YES;
				CLANG_WARN_EMPTY_BODY = YES;
				CLANG_WARN_ENUM_CONVERSION = YES;
				CLANG_WARN_INFINITE_RECURSION = YES;
				CLANG_WARN_INT_CONVERSION = YES;
				CLANG_WARN_NON_LITERAL_NULL_CONVERSION = YES;
				CLANG_WARN_OBJC_IMPLICIT_RETAIN_SELF = YES;
				CLANG_WARN_OBJC_LITERAL_CONVERSION = YES;
				CLANG_WARN_OBJC_ROOT_CLASS = YES_ERROR;
				CLANG_WARN_RANGE_LOOP_ANALYSIS = YES;
				CLANG_WARN_STRICT_PROTOTYPES = YES;
				CLANG_WARN_SUSPICIOUS_MOVE = YES;
				CLANG_WARN_UNGUARDED_AVAILABILITY = YES_AGGRESSIVE;
				CLANG_WARN_UNREACHABLE_CODE = YES;
				CLANG_WARN__DUPLICATE_METHOD_MATCH = YES;
				COPY_PHASE_STRIP = NO;
				DEBUG_INFORMATION_FORMAT = "dwarf-with-dsym";
				ENABLE_NS_ASSERTIONS = NO;
				ENABLE_STRICT_OBJC_MSGSEND = YES;
				GCC_C_LANGUAGE_STANDARD = gnu11;
				GCC_NO_COMMON_BLOCKS = YES;
				GCC_WARN_64_TO_32_BIT_CONVERSION = YES;
				GCC_WARN_ABOUT_RETURN_TYPE = YES_ERROR;
				GCC_WARN_UNDECLARED_SELECTOR = YES;
				GCC_WARN_UNINITIALIZED_AUTOS = YES_AGGRESSIVE;
				GCC_WARN_UNUSED_FUNCTION = YES;
				GCC_WARN_UNUSED_VARIABLE = YES;
				IPHONEOS_DEPLOYMENT_TARGET = 13.7;
				MTL_ENABLE_DEBUG_INFO = NO;
				MTL_FAST_MATH = YES;
				SDKROOT = iphoneos;
				SWIFT_COMPILATION_MODE = wholemodule;
				SWIFT_OPTIMIZATION_LEVEL = "-O";
				VALIDATE_PRODUCT = YES;
			};
			name = Release;
		};
		BDF8DE312505166600A67A2B /* Debug */ = {
			isa = XCBuildConfiguration;
			buildSettings = {
				ASSETCATALOG_COMPILER_APPICON_NAME = AppIcon;
				CODE_SIGN_STYLE = Automatic;
				INFOPLIST_FILE = TechtaGram/Info.plist;
				LD_RUNPATH_SEARCH_PATHS = (
					"$(inherited)",
					"@executable_path/Frameworks",
				);
				PRODUCT_BUNDLE_IDENTIFIER = app.takayama.mizuki.TechtaGram;
				PRODUCT_NAME = "$(TARGET_NAME)";
				SWIFT_VERSION = 5.0;
				TARGETED_DEVICE_FAMILY = "1,2";
			};
			name = Debug;
		};
		BDF8DE322505166600A67A2B /* Release */ = {
			isa = XCBuildConfiguration;
			buildSettings = {
				ASSETCATALOG_COMPILER_APPICON_NAME = AppIcon;
				CODE_SIGN_STYLE = Automatic;
				INFOPLIST_FILE = TechtaGram/Info.plist;
				LD_RUNPATH_SEARCH_PATHS = (
					"$(inherited)",
					"@executable_path/Frameworks",
				);
				PRODUCT_BUNDLE_IDENTIFIER = app.takayama.mizuki.TechtaGram;
				PRODUCT_NAME = "$(TARGET_NAME)";
				SWIFT_VERSION = 5.0;
				TARGETED_DEVICE_FAMILY = "1,2";
			};
			name = Release;
		};
		BDF8DE342505166600A67A2B /* Debug */ = {
			isa = XCBuildConfiguration;
			buildSettings = {
				ALWAYS_EMBED_SWIFT_STANDARD_LIBRARIES = YES;
				BUNDLE_LOADER = "$(TEST_HOST)";
				CODE_SIGN_STYLE = Automatic;
				INFOPLIST_FILE = TechtaGramTests/Info.plist;
				IPHONEOS_DEPLOYMENT_TARGET = 13.7;
				LD_RUNPATH_SEARCH_PATHS = (
					"$(inherited)",
					"@executable_path/Frameworks",
					"@loader_path/Frameworks",
				);
				PRODUCT_BUNDLE_IDENTIFIER = app.takayama.mizuki.TechtaGramTests;
				PRODUCT_NAME = "$(TARGET_NAME)";
				SWIFT_VERSION = 5.0;
				TARGETED_DEVICE_FAMILY = "1,2";
				TEST_HOST = "$(BUILT_PRODUCTS_DIR)/TechtaGram.app/TechtaGram";
			};
			name = Debug;
		};
		BDF8DE352505166600A67A2B /* Release */ = {
			isa = XCBuildConfiguration;
			buildSettings = {
				ALWAYS_EMBED_SWIFT_STANDARD_LIBRARIES = YES;
				BUNDLE_LOADER = "$(TEST_HOST)";
				CODE_SIGN_STYLE = Automatic;
				INFOPLIST_FILE = TechtaGramTests/Info.plist;
				IPHONEOS_DEPLOYMENT_TARGET = 13.7;
				LD_RUNPATH_SEARCH_PATHS = (
					"$(inherited)",
					"@executable_path/Frameworks",
					"@loader_path/Frameworks",
				);
				PRODUCT_BUNDLE_IDENTIFIER = app.takayama.mizuki.TechtaGramTests;
				PRODUCT_NAME = "$(TARGET_NAME)";
				SWIFT_VERSION = 5.0;
				TARGETED_DEVICE_FAMILY = "1,2";
				TEST_HOST = "$(BUILT_PRODUCTS_DIR)/TechtaGram.app/TechtaGram";
			};
			name = Release;
		};
		BDF8DE372505166600A67A2B /* Debug */ = {
			isa = XCBuildConfiguration;
			buildSettings = {
				ALWAYS_EMBED_SWIFT_STANDARD_LIBRARIES = YES;
				CODE_SIGN_STYLE = Automatic;
				INFOPLIST_FILE = TechtaGramUITests/Info.plist;
				LD_RUNPATH_SEARCH_PATHS = (
					"$(inherited)",
					"@executable_path/Frameworks",
					"@loader_path/Frameworks",
				);
				PRODUCT_BUNDLE_IDENTIFIER = app.takayama.mizuki.TechtaGramUITests;
				PRODUCT_NAME = "$(TARGET_NAME)";
				SWIFT_VERSION = 5.0;
				TARGETED_DEVICE_FAMILY = "1,2";
				TEST_TARGET_NAME = TechtaGram;
			};
			name = Debug;
		};
		BDF8DE382505166600A67A2B /* Release */ = {
			isa = XCBuildConfiguration;
			buildSettings = {
				ALWAYS_EMBED_SWIFT_STANDARD_LIBRARIES = YES;
				CODE_SIGN_STYLE = Automatic;
				INFOPLIST_FILE = TechtaGramUITests/Info.plist;
				LD_RUNPATH_SEARCH_PATHS = (
					"$(inherited)",
					"@executable_path/Frameworks",
					"@loader_path/Frameworks",
				);
				PRODUCT_BUNDLE_IDENTIFIER = app.takayama.mizuki.TechtaGramUITests;
				PRODUCT_NAME = "$(TARGET_NAME)";
				SWIFT_VERSION = 5.0;
				TARGETED_DEVICE_FAMILY = "1,2";
				TEST_TARGET_NAME = TechtaGram;
			};
			name = Release;
		};
/* End XCBuildConfiguration section */

/* Begin XCConfigurationList section */
		BDF8DE012505166500A67A2B /* Build configuration list for PBXProject "TechtaGram" */ = {
			isa = XCConfigurationList;
			buildConfigurations = (
				BDF8DE2E2505166600A67A2B /* Debug */,
				BDF8DE2F2505166600A67A2B /* Release */,
			);
			defaultConfigurationIsVisible = 0;
			defaultConfigurationName = Release;
		};
		BDF8DE302505166600A67A2B /* Build configuration list for PBXNativeTarget "TechtaGram" */ = {
			isa = XCConfigurationList;
			buildConfigurations = (
				BDF8DE312505166600A67A2B /* Debug */,
				BDF8DE322505166600A67A2B /* Release */,
			);
			defaultConfigurationIsVisible = 0;
			defaultConfigurationName = Release;
		};
		BDF8DE332505166600A67A2B /* Build configuration list for PBXNativeTarget "TechtaGramTests" */ = {
			isa = XCConfigurationList;
			buildConfigurations = (
				BDF8DE342505166600A67A2B /* Debug */,
				BDF8DE352505166600A67A2B /* Release */,
			);
			defaultConfigurationIsVisible = 0;
			defaultConfigurationName = Release;
		};
		BDF8DE362505166600A67A2B /* Build configuration list for PBXNativeTarget "TechtaGramUITests" */ = {
			isa = XCConfigurationList;
			buildConfigurations = (
				BDF8DE372505166600A67A2B /* Debug */,
				BDF8DE382505166600A67A2B /* Release */,
			);
			defaultConfigurationIsVisible = 0;
			defaultConfigurationName = Release;
		};
/* End XCConfigurationList section */
	};
	rootObject = BDF8DDFE2505166500A67A2B /* Project object */;
}
